
Microsoft Visual Studio Solution File, Format Version 12.00
# Visual Studio 15
VisualStudioVersion = 15.0.27130.2024
MinimumVisualStudioVersion = 10.0.40219.1
Project("{9A19103F-16F7-4668-BE54-9A1E7A4F7556}") = "OPServer", "OPServer\OPServer.csproj", "{F697288A-03C6-4E28-898C-9516488B55EC}"
EndProject
Project("{9A19103F-16F7-4668-BE54-9A1E7A4F7556}") = "Tenant1SpaPolymer", "Tenant1SpaPolymer\Tenant1SpaPolymer.csproj", "{AEDDBACE-7981-45E6-B3A2-F3B0FA6325BE}"
EndProject
Project("{9A19103F-16F7-4668-BE54-9A1E7A4F7556}") = "Tenant2SpaPolymer", "Tenant2SpaPolymer\Tenant2SpaPolymer.csproj", "{4BD78196-91EB-4F98-99E3-92AB78EDEF9D}"
EndProject
Project("{9A19103F-16F7-4668-BE54-9A1E7A4F7556}") = "Tenant1SpaLocalApi", "Tenant1SpaLocalApi\Tenant1SpaLocalApi.csproj", "{56B452A9-BB1A-4179-8E05-7F1600C7899C}"
EndProject
Project("{9A19103F-16F7-4668-BE54-9A1E7A4F7556}") = "Tenant1SpaVueJs", "Tenant1SpaVueJs\Tenant1SpaVueJs.csproj", "{FD64BB18-E45F-465C-9D41-FDC637805DFD}"
EndProject
Project("{9A19103F-16F7-4668-BE54-9A1E7A4F7556}") = "Tenant1Api", "Tenant1Api\Tenant1Api.csproj", "{2FA1CB1E-A9B4-4A13-927E-5076DF46C0E3}"
EndProject
Project("{9A19103F-16F7-4668-BE54-9A1E7A4F7556}") = "Tenant1PureJs", "Tenant1PureJs\Tenant1PureJs.csproj", "{73545365-3C4A-41EB-A75E-2E29DC61B2FC}"
EndProject
Global
	GlobalSection(SolutionConfigurationPlatforms) = preSolution
		Debug|Any CPU = Debug|Any CPU
		Release|Any CPU = Release|Any CPU
	EndGlobalSection
	GlobalSection(ProjectConfigurationPlatforms) = postSolution
		{F697288A-03C6-4E28-898C-9516488B55EC}.Debug|Any CPU.ActiveCfg = Debug|Any CPU
		{F697288A-03C6-4E28-898C-9516488B55EC}.Debug|Any CPU.Build.0 = Debug|Any CPU
		{F697288A-03C6-4E28-898C-9516488B55EC}.Release|Any CPU.ActiveCfg = Release|Any CPU
		{F697288A-03C6-4E28-898C-9516488B55EC}.Release|Any CPU.Build.0 = Release|Any CPU
		{AEDDBACE-7981-45E6-B3A2-F3B0FA6325BE}.Debug|Any CPU.ActiveCfg = Debug|Any CPU
		{AEDDBACE-7981-45E6-B3A2-F3B0FA6325BE}.Debug|Any CPU.Build.0 = Debug|Any CPU
		{AEDDBACE-7981-45E6-B3A2-F3B0FA6325BE}.Release|Any CPU.ActiveCfg = Release|Any CPU
		{AEDDBACE-7981-45E6-B3A2-F3B0FA6325BE}.Release|Any CPU.Build.0 = Release|Any CPU
		{4BD78196-91EB-4F98-99E3-92AB78EDEF9D}.Debug|Any CPU.ActiveCfg = Debug|Any CPU
		{4BD78196-91EB-4F98-99E3-92AB78EDEF9D}.Debug|Any CPU.Build.0 = Debug|Any CPU
		{4BD78196-91EB-4F98-99E3-92AB78EDEF9D}.Release|Any CPU.ActiveCfg = Release|Any CPU
		{4BD78196-91EB-4F98-99E3-92AB78EDEF9D}.Release|Any CPU.Build.0 = Release|Any CPU
		{56B452A9-BB1A-4179-8E05-7F1600C7899C}.Debug|Any CPU.ActiveCfg = Debug|Any CPU
		{56B452A9-BB1A-4179-8E05-7F1600C7899C}.Debug|Any CPU.Build.0 = Debug|Any CPU
		{56B452A9-BB1A-4179-8E05-7F1600C7899C}.Release|Any CPU.ActiveCfg = Release|Any CPU
		{56B452A9-BB1A-4179-8E05-7F1600C7899C}.Release|Any CPU.Build.0 = Release|Any CPU
		{FD64BB18-E45F-465C-9D41-FDC637805DFD}.Debug|Any CPU.ActiveCfg = Debug|Any CPU
		{FD64BB18-E45F-465C-9D41-FDC637805DFD}.Debug|Any CPU.Build.0 = Debug|Any CPU
		{FD64BB18-E45F-465C-9D41-FDC637805DFD}.Release|Any CPU.ActiveCfg = Release|Any CPU
		{FD64BB18-E45F-465C-9D41-FDC637805DFD}.Release|Any CPU.Build.0 = Release|Any CPU
		{2FA1CB1E-A9B4-4A13-927E-5076DF46C0E3}.Debug|Any CPU.ActiveCfg = Debug|Any CPU
		{2FA1CB1E-A9B4-4A13-927E-5076DF46C0E3}.Debug|Any CPU.Build.0 = Debug|Any CPU
		{2FA1CB1E-A9B4-4A13-927E-5076DF46C0E3}.Release|Any CPU.ActiveCfg = Release|Any CPU
		{2FA1CB1E-A9B4-4A13-927E-5076DF46C0E3}.Release|Any CPU.Build.0 = Release|Any CPU
		{73545365-3C4A-41EB-A75E-2E29DC61B2FC}.Debug|Any CPU.ActiveCfg = Debug|Any CPU
		{73545365-3C4A-41EB-A75E-2E29DC61B2FC}.Debug|Any CPU.Build.0 = Debug|Any CPU
		{73545365-3C4A-41EB-A75E-2E29DC61B2FC}.Release|Any CPU.ActiveCfg = Release|Any CPU
		{73545365-3C4A-41EB-A75E-2E29DC61B2FC}.Release|Any CPU.Build.0 = Release|Any CPU
	EndGlobalSection
	GlobalSection(SolutionProperties) = preSolution
		HideSolutionNode = FALSE
	EndGlobalSection
	GlobalSection(ExtensibilityGlobals) = postSolution
		SolutionGuid = {0664650C-40A0-4989-8A77-4DADAAE2A14A}
	EndGlobalSection
EndGlobal
